
Microsoft Visual Studio Solution File, Format Version 12.00
# Visual Studio 15
VisualStudioVersion = 15.0.28307.1022
MinimumVisualStudioVersion = 10.0.40219.1
Project("{9A19103F-16F7-4668-BE54-9A1E7A4F7556}") = "ConsoleChess", "ConsoleChess\ConsoleChess.csproj", "{AF017B32-BBC1-49C4-AED9-816EE6E689CE}"
EndProject
Project("{FAE04EC0-301F-11D3-BF4B-00C04F79EFBC}") = "WinFormChess", "WinFormChess\WinFormChess.csproj", "{F439A97D-EFF3-41B4-AE97-7ADE58B47157}"
EndProject
Global
	GlobalSection(SolutionConfigurationPlatforms) = preSolution
		Debug|Any CPU = Debug|Any CPU
		Release|Any CPU = Release|Any CPU
	EndGlobalSection
	GlobalSection(ProjectConfigurationPlatforms) = postSolution
		{AF017B32-BBC1-49C4-AED9-816EE6E689CE}.Debug|Any CPU.ActiveCfg = Debug|Any CPU
		{AF017B32-BBC1-49C4-AED9-816EE6E689CE}.Debug|Any CPU.Build.0 = Debug|Any CPU
		{AF017B32-BBC1-49C4-AED9-816EE6E689CE}.Release|Any CPU.ActiveCfg = Release|Any CPU
		{AF017B32-BBC1-49C4-AED9-816EE6E689CE}.Release|Any CPU.Build.0 = Release|Any CPU
		{F439A97D-EFF3-41B4-AE97-7ADE58B47157}.Debug|Any CPU.ActiveCfg = Debug|Any CPU
		{F439A97D-EFF3-41B4-AE97-7ADE58B47157}.Debug|Any CPU.Build.0 = Debug|Any CPU
		{F439A97D-EFF3-41B4-AE97-7ADE58B47157}.Release|Any CPU.ActiveCfg = Release|Any CPU
		{F439A97D-EFF3-41B4-AE97-7ADE58B47157}.Release|Any CPU.Build.0 = Release|Any CPU
	EndGlobalSection
	GlobalSection(SolutionProperties) = preSolution
		HideSolutionNode = FALSE
	EndGlobalSection
	GlobalSection(ExtensibilityGlobals) = postSolution
		SolutionGuid = {F5CA23D6-55F9-4AFA-8CBE-669A252302FC}
	EndGlobalSection
EndGlobal
